{
  "name": "src",
  "lockfileVersion": 2,
  "requires": true,
  "packages": {
    "": {
      "dependencies": {
        "radio-browser": "^2.1.6"
      }
    },
    "node_modules/radio-browser": {
      "version": "2.1.6",
      "resolved": "https://registry.npmjs.org/radio-browser/-/radio-browser-2.1.6.tgz",
      "integrity": "sha512-9Y50eI4N0fgTLCCVY+9hgFqCR4DxjQs9yGQNDSbc+17HdC6l5l6ZHI+GVH3TlNo0iyoDOAZD418Jd+LlaPIbfQ=="
    }
  },
  "dependencies": {
    "radio-browser": {
      "version": "2.1.6",
      "resolved": "https://registry.npmjs.org/radio-browser/-/radio-browser-2.1.6.tgz",
      "integrity": "sha512-9Y50eI4N0fgTLCCVY+9hgFqCR4DxjQs9yGQNDSbc+17HdC6l5l6ZHI+GVH3TlNo0iyoDOAZD418Jd+LlaPIbfQ=="
    }
  }
}
